
Microsoft Visual Studio Solution File, Format Version 12.00
# Visual Studio Version 17
VisualStudioVersion = 17.8.34330.188
MinimumVisualStudioVersion = 10.0.40219.1
Project("{FAE04EC0-301F-11D3-BF4B-00C04F79EFBC}") = "DataLayer", "DataLayer\DataLayer.csproj", "{A95B4134-AFED-488F-A2FC-EF2D0C463729}"
EndProject
Global
	GlobalSection(SolutionConfigurationPlatforms) = preSolution
		Debug|Any CPU = Debug|Any CPU
		Release|Any CPU = Release|Any CPU
	EndGlobalSection
	GlobalSection(ProjectConfigurationPlatforms) = postSolution
		{A95B4134-AFED-488F-A2FC-EF2D0C463729}.Debug|Any CPU.ActiveCfg = Debug|Any CPU
		{A95B4134-AFED-488F-A2FC-EF2D0C463729}.Debug|Any CPU.Build.0 = Debug|Any CPU
		{A95B4134-AFED-488F-A2FC-EF2D0C463729}.Release|Any CPU.ActiveCfg = Release|Any CPU
		{A95B4134-AFED-488F-A2FC-EF2D0C463729}.Release|Any CPU.Build.0 = Release|Any CPU
	EndGlobalSection
	GlobalSection(SolutionProperties) = preSolution
		HideSolutionNode = FALSE
	EndGlobalSection
	GlobalSection(ExtensibilityGlobals) = postSolution
		SolutionGuid = {2EE9E14A-B743-4F78-B4B4-667D6C61CBBA}
	EndGlobalSection
EndGlobal
